Microsoft Visual Studio Solution File, Format Version 11.00
# Visual Studio 2008

Project("{0C9643B5-B11F-F835-BE2E-07DAB7A3CA1E}") = "_game_template", "Assembly-CSharp.csproj", "{76922D0E-3CA1-9C32-52E8-FB860EF2198C}"
EndProject
Project("{0C9643B5-B11F-F835-BE2E-07DAB7A3CA1E}") = "_game_template", "Assembly-CSharp-Editor.csproj", "{CC4A5EB9-A4A7-17BC-E820-41ED9DD1911C}"
EndProject
Global
	GlobalSection(SolutionConfigurationPlatforms) = preSolution
		Debug|Any CPU = Debug|Any CPU
		Release|Any CPU = Release|Any CPU
	EndGlobalSection
	GlobalSection(ProjectConfigurationPlatforms) = postSolution
		{76922D0E-3CA1-9C32-52E8-FB860EF2198C}.Debug|Any CPU.ActiveCfg = Debug|Any CPU
		{76922D0E-3CA1-9C32-52E8-FB860EF2198C}.Debug|Any CPU.Build.0 = Debug|Any CPU
		{76922D0E-3CA1-9C32-52E8-FB860EF2198C}.Release|Any CPU.ActiveCfg = Release|Any CPU
		{76922D0E-3CA1-9C32-52E8-FB860EF2198C}.Release|Any CPU.Build.0 = Release|Any CPU
		{CC4A5EB9-A4A7-17BC-E820-41ED9DD1911C}.Debug|Any CPU.ActiveCfg = Debug|Any CPU
		{CC4A5EB9-A4A7-17BC-E820-41ED9DD1911C}.Debug|Any CPU.Build.0 = Debug|Any CPU
		{CC4A5EB9-A4A7-17BC-E820-41ED9DD1911C}.Release|Any CPU.ActiveCfg = Release|Any CPU
		{CC4A5EB9-A4A7-17BC-E820-41ED9DD1911C}.Release|Any CPU.Build.0 = Release|Any CPU
	EndGlobalSection
	GlobalSection(SolutionProperties) = preSolution
		HideSolutionNode = FALSE
	EndGlobalSection
	GlobalSection(MonoDevelopProperties) = preSolution
		StartupItem = Assembly-CSharp.csproj
		Policies = $0
		$0.TextStylePolicy = $1
		$1.inheritsSet = null
		$1.scope = text/x-csharp
		$0.CSharpFormattingPolicy = $2
		$2.inheritsSet = Mono
		$2.inheritsScope = text/x-csharp
		$2.scope = text/x-csharp
		$0.TextStylePolicy = $3
		$3.FileWidth = 120
		$3.TabWidth = 4
		$3.EolMarker = Unix
		$3.inheritsSet = Mono
		$3.inheritsScope = text/plain
		$3.scope = text/plain
	EndGlobalSection
EndGlobal
